
Microsoft Visual Studio Solution File, Format Version 12.00
# Visual Studio Version 17
VisualStudioVersion = 17.7.34221.43
MinimumVisualStudioVersion = 10.0.40219.1
Project("{888888A0-9F3D-457C-B088-3A5042F75D52}") = "OPENCV color detection", "OPENCV color detection.pyproj", "{FF824760-C5D3-4C1A-BB93-DA34CC321B25}"
EndProject
Global
	GlobalSection(SolutionConfigurationPlatforms) = preSolution
		Debug|Any CPU = Debug|Any CPU
		Release|Any CPU = Release|Any CPU
	EndGlobalSection
	GlobalSection(ProjectConfigurationPlatforms) = postSolution
		{FF824760-C5D3-4C1A-BB93-DA34CC321B25}.Debug|Any CPU.ActiveCfg = Debug|Any CPU
		{FF824760-C5D3-4C1A-BB93-DA34CC321B25}.Release|Any CPU.ActiveCfg = Release|Any CPU
	EndGlobalSection
	GlobalSection(SolutionProperties) = preSolution
		HideSolutionNode = FALSE
	EndGlobalSection
	GlobalSection(ExtensibilityGlobals) = postSolution
		SolutionGuid = {123CA94B-1A45-43E3-B242-52BE7235AEA6}
	EndGlobalSection
EndGlobal
